
Microsoft Visual Studio Solution File, Format Version 12.00
# Visual Studio Version 16
VisualStudioVersion = 16.0.30114.105
MinimumVisualStudioVersion = 10.0.40219.1
Project("{FAE04EC0-301F-11D3-BF4B-00C04F79EFBC}") = "tsconcat", "tsconcat\tsconcat.csproj", "{A4619A4B-4158-45E7-BB66-6BF96AEDC40A}"
EndProject
Project("{FAE04EC0-301F-11D3-BF4B-00C04F79EFBC}") = "tsdecrypt", "tsdecrypt\tsdecrypt.csproj", "{C37888F5-3FFB-432F-AFE2-0FCD2CC3F12A}"
EndProject
Project("{FAE04EC0-301F-11D3-BF4B-00C04F79EFBC}") = "tsgaps", "tsgaps\tsgaps.csproj", "{7D50748E-3352-40D1-B36C-662A6A229010}"
EndProject
Project("{FAE04EC0-301F-11D3-BF4B-00C04F79EFBC}") = "uformfilter", "uformfilter\uformfilter.csproj", "{E1C961FE-2685-46BF-885E-30EE47628F7C}"
EndProject
Project("{FAE04EC0-301F-11D3-BF4B-00C04F79EFBC}") = "diche", "diche\diche.csproj", "{F8CCBA71-AA55-4944-81B9-D55800AB8578}"
EndProject
Project("{FAE04EC0-301F-11D3-BF4B-00C04F79EFBC}") = "uitmon", "uitmon\uitmon.csproj", "{1EE36312-1B61-4EFE-BC25-2D831B926E66}"
EndProject
Project("{FAE04EC0-301F-11D3-BF4B-00C04F79EFBC}") = "dimurcielago", "dimurcielago\dimurcielago.csproj", "{EEF0150D-B018-412F-80FF-9560841CBFE1}"
EndProject
Project("{FAE04EC0-301F-11D3-BF4B-00C04F79EFBC}") = "Manfred", "Manfred\Manfred.csproj", "{4156BB81-6BCA-4DA3-B147-E43D59B448E3}"
EndProject
Global
	GlobalSection(SolutionConfigurationPlatforms) = preSolution
		Debug|Any CPU = Debug|Any CPU
		Release|Any CPU = Release|Any CPU
	EndGlobalSection
	GlobalSection(SolutionProperties) = preSolution
		HideSolutionNode = FALSE
	EndGlobalSection
	GlobalSection(ProjectConfigurationPlatforms) = postSolution
		{A4619A4B-4158-45E7-BB66-6BF96AEDC40A}.Debug|Any CPU.ActiveCfg = Debug|Any CPU
		{A4619A4B-4158-45E7-BB66-6BF96AEDC40A}.Debug|Any CPU.Build.0 = Debug|Any CPU
		{A4619A4B-4158-45E7-BB66-6BF96AEDC40A}.Release|Any CPU.ActiveCfg = Release|Any CPU
		{A4619A4B-4158-45E7-BB66-6BF96AEDC40A}.Release|Any CPU.Build.0 = Release|Any CPU
		{C37888F5-3FFB-432F-AFE2-0FCD2CC3F12A}.Debug|Any CPU.ActiveCfg = Debug|Any CPU
		{C37888F5-3FFB-432F-AFE2-0FCD2CC3F12A}.Debug|Any CPU.Build.0 = Debug|Any CPU
		{C37888F5-3FFB-432F-AFE2-0FCD2CC3F12A}.Release|Any CPU.ActiveCfg = Release|Any CPU
		{C37888F5-3FFB-432F-AFE2-0FCD2CC3F12A}.Release|Any CPU.Build.0 = Release|Any CPU
		{7D50748E-3352-40D1-B36C-662A6A229010}.Debug|Any CPU.ActiveCfg = Debug|Any CPU
		{7D50748E-3352-40D1-B36C-662A6A229010}.Debug|Any CPU.Build.0 = Debug|Any CPU
		{7D50748E-3352-40D1-B36C-662A6A229010}.Release|Any CPU.ActiveCfg = Release|Any CPU
		{7D50748E-3352-40D1-B36C-662A6A229010}.Release|Any CPU.Build.0 = Release|Any CPU
		{E1C961FE-2685-46BF-885E-30EE47628F7C}.Debug|Any CPU.ActiveCfg = Debug|Any CPU
		{E1C961FE-2685-46BF-885E-30EE47628F7C}.Debug|Any CPU.Build.0 = Debug|Any CPU
		{E1C961FE-2685-46BF-885E-30EE47628F7C}.Release|Any CPU.ActiveCfg = Release|Any CPU
		{E1C961FE-2685-46BF-885E-30EE47628F7C}.Release|Any CPU.Build.0 = Release|Any CPU
		{F8CCBA71-AA55-4944-81B9-D55800AB8578}.Debug|Any CPU.ActiveCfg = Debug|Any CPU
		{F8CCBA71-AA55-4944-81B9-D55800AB8578}.Debug|Any CPU.Build.0 = Debug|Any CPU
		{F8CCBA71-AA55-4944-81B9-D55800AB8578}.Release|Any CPU.ActiveCfg = Release|Any CPU
		{F8CCBA71-AA55-4944-81B9-D55800AB8578}.Release|Any CPU.Build.0 = Release|Any CPU
		{1EE36312-1B61-4EFE-BC25-2D831B926E66}.Debug|Any CPU.ActiveCfg = Debug|Any CPU
		{1EE36312-1B61-4EFE-BC25-2D831B926E66}.Debug|Any CPU.Build.0 = Debug|Any CPU
		{1EE36312-1B61-4EFE-BC25-2D831B926E66}.Release|Any CPU.ActiveCfg = Release|Any CPU
		{1EE36312-1B61-4EFE-BC25-2D831B926E66}.Release|Any CPU.Build.0 = Release|Any CPU
		{EEF0150D-B018-412F-80FF-9560841CBFE1}.Debug|Any CPU.ActiveCfg = Debug|Any CPU
		{EEF0150D-B018-412F-80FF-9560841CBFE1}.Debug|Any CPU.Build.0 = Debug|Any CPU
		{EEF0150D-B018-412F-80FF-9560841CBFE1}.Release|Any CPU.ActiveCfg = Release|Any CPU
		{EEF0150D-B018-412F-80FF-9560841CBFE1}.Release|Any CPU.Build.0 = Release|Any CPU
		{4156BB81-6BCA-4DA3-B147-E43D59B448E3}.Debug|Any CPU.ActiveCfg = Debug|Any CPU
		{4156BB81-6BCA-4DA3-B147-E43D59B448E3}.Debug|Any CPU.Build.0 = Debug|Any CPU
		{4156BB81-6BCA-4DA3-B147-E43D59B448E3}.Release|Any CPU.ActiveCfg = Release|Any CPU
		{4156BB81-6BCA-4DA3-B147-E43D59B448E3}.Release|Any CPU.Build.0 = Release|Any CPU
	EndGlobalSection
EndGlobal
