
Microsoft Visual Studio Solution File, Format Version 12.00
# Visual Studio Version 16
VisualStudioVersion = 16.0.30114.105
MinimumVisualStudioVersion = 10.0.40219.1
Project("{FAE04EC0-301F-11D3-BF4B-00C04F79EFBC}") = "tsconcat", "tsconcat\tsconcat.csproj", "{A4619A4B-4158-45E7-BB66-6BF96AEDC40A}"
EndProject
Project("{FAE04EC0-301F-11D3-BF4B-00C04F79EFBC}") = "tsdecrypt", "tsdecrypt\tsdecrypt.csproj", "{C37888F5-3FFB-432F-AFE2-0FCD2CC3F12A}"
EndProject
Project("{FAE04EC0-301F-11D3-BF4B-00C04F79EFBC}") = "tsgaps", "tsgaps\tsgaps.csproj", "{7D50748E-3352-40D1-B36C-662A6A229010}"
EndProject
Project("{FAE04EC0-301F-11D3-BF4B-00C04F79EFBC}") = "uformfilter", "uformfilter\uformfilter.csproj", "{E1C961FE-2685-46BF-885E-30EE47628F7C}"
EndProject
Global
	GlobalSection(SolutionConfigurationPlatforms) = preSolution
		Debug|Any CPU = Debug|Any CPU
		Release|Any CPU = Release|Any CPU
	EndGlobalSection
	GlobalSection(SolutionProperties) = preSolution
		HideSolutionNode = FALSE
	EndGlobalSection
	GlobalSection(ProjectConfigurationPlatforms) = postSolution
		{A4619A4B-4158-45E7-BB66-6BF96AEDC40A}.Debug|Any CPU.ActiveCfg = Debug|Any CPU
		{A4619A4B-4158-45E7-BB66-6BF96AEDC40A}.Debug|Any CPU.Build.0 = Debug|Any CPU
		{A4619A4B-4158-45E7-BB66-6BF96AEDC40A}.Release|Any CPU.ActiveCfg = Release|Any CPU
		{A4619A4B-4158-45E7-BB66-6BF96AEDC40A}.Release|Any CPU.Build.0 = Release|Any CPU
		{C37888F5-3FFB-432F-AFE2-0FCD2CC3F12A}.Debug|Any CPU.ActiveCfg = Debug|Any CPU
		{C37888F5-3FFB-432F-AFE2-0FCD2CC3F12A}.Debug|Any CPU.Build.0 = Debug|Any CPU
		{C37888F5-3FFB-432F-AFE2-0FCD2CC3F12A}.Release|Any CPU.ActiveCfg = Release|Any CPU
		{C37888F5-3FFB-432F-AFE2-0FCD2CC3F12A}.Release|Any CPU.Build.0 = Release|Any CPU
		{7D50748E-3352-40D1-B36C-662A6A229010}.Debug|Any CPU.ActiveCfg = Debug|Any CPU
		{7D50748E-3352-40D1-B36C-662A6A229010}.Debug|Any CPU.Build.0 = Debug|Any CPU
		{7D50748E-3352-40D1-B36C-662A6A229010}.Release|Any CPU.ActiveCfg = Release|Any CPU
		{7D50748E-3352-40D1-B36C-662A6A229010}.Release|Any CPU.Build.0 = Release|Any CPU
		{E1C961FE-2685-46BF-885E-30EE47628F7C}.Debug|Any CPU.ActiveCfg = Debug|Any CPU
		{E1C961FE-2685-46BF-885E-30EE47628F7C}.Debug|Any CPU.Build.0 = Debug|Any CPU
		{E1C961FE-2685-46BF-885E-30EE47628F7C}.Release|Any CPU.ActiveCfg = Release|Any CPU
		{E1C961FE-2685-46BF-885E-30EE47628F7C}.Release|Any CPU.Build.0 = Release|Any CPU
	EndGlobalSection
EndGlobal
